
Microsoft Visual Studio Solution File, Format Version 12.00
# Visual Studio Version 17
VisualStudioVersion = 17.5.002.0
MinimumVisualStudioVersion = 10.0.40219.1
Project("{9A19103F-16F7-4668-BE54-9A1E7A4F7556}") = "pr4", "pr4.csproj", "{BB705BFB-EA06-4D7B-80C0-46F7A1C9D45D}"
EndProject
Global
	GlobalSection(SolutionConfigurationPlatforms) = preSolution
		Debug|Any CPU = Debug|Any CPU
		Release|Any CPU = Release|Any CPU
	EndGlobalSection
	GlobalSection(ProjectConfigurationPlatforms) = postSolution
		{BB705BFB-EA06-4D7B-80C0-46F7A1C9D45D}.Debug|Any CPU.ActiveCfg = Debug|Any CPU
		{BB705BFB-EA06-4D7B-80C0-46F7A1C9D45D}.Debug|Any CPU.Build.0 = Debug|Any CPU
		{BB705BFB-EA06-4D7B-80C0-46F7A1C9D45D}.Release|Any CPU.ActiveCfg = Release|Any CPU
		{BB705BFB-EA06-4D7B-80C0-46F7A1C9D45D}.Release|Any CPU.Build.0 = Release|Any CPU
	EndGlobalSection
	GlobalSection(SolutionProperties) = preSolution
		HideSolutionNode = FALSE
	EndGlobalSection
	GlobalSection(ExtensibilityGlobals) = postSolution
		SolutionGuid = {B25C4235-B9A6-492B-8BB3-70E6253D83A7}
	EndGlobalSection
EndGlobal
